
Microsoft Visual Studio Solution File, Format Version 12.00
# Visual Studio 15
VisualStudioVersion = 15.0.28307.1000
MinimumVisualStudioVersion = 10.0.40219.1
Project("{FAE04EC0-301F-11D3-BF4B-00C04F79EFBC}") = "Dating.API", "Dating.API\Dating.API.csproj", "{5AA56533-77DD-4618-8C86-68DEBEB4E1E6}"
EndProject
Global
	GlobalSection(SolutionConfigurationPlatforms) = preSolution
		Debug|Any CPU = Debug|Any CPU
		Release|Any CPU = Release|Any CPU
	EndGlobalSection
	GlobalSection(ProjectConfigurationPlatforms) = postSolution
		{5AA56533-77DD-4618-8C86-68DEBEB4E1E6}.Debug|Any CPU.ActiveCfg = Debug|Any CPU
		{5AA56533-77DD-4618-8C86-68DEBEB4E1E6}.Debug|Any CPU.Build.0 = Debug|Any CPU
		{5AA56533-77DD-4618-8C86-68DEBEB4E1E6}.Release|Any CPU.ActiveCfg = Release|Any CPU
		{5AA56533-77DD-4618-8C86-68DEBEB4E1E6}.Release|Any CPU.Build.0 = Release|Any CPU
	EndGlobalSection
	GlobalSection(SolutionProperties) = preSolution
		HideSolutionNode = FALSE
	EndGlobalSection
	GlobalSection(ExtensibilityGlobals) = postSolution
		SolutionGuid = {C515D117-8810-43E7-A719-EA245DC9A980}
	EndGlobalSection
EndGlobal
